// !$*UTF8*$!
{
	archiveVersion = 1;
	classes = {
	};
	objectVersion = 46;
	objects = {

/* Begin PBXBuildFile section */
		7401D11D1B4AC8680035C0C1 /* Post.swift in Sources */ = {isa = PBXBuildFile; fileRef = 7401D11C1B4AC8680035C0C1 /* Post.swift */; };
		7402953B1B5FD40C001155B8 /* PageContentViewController.swift in Sources */ = {isa = PBXBuildFile; fileRef = 7402953A1B5FD40C001155B8 /* PageContentViewController.swift */; };
		7402953D1B5FD4C1001155B8 /* RootViewController.swift in Sources */ = {isa = PBXBuildFile; fileRef = 7402953C1B5FD4C1001155B8 /* RootViewController.swift */; };
		7402953F1B6014AB001155B8 /* Label.swift in Sources */ = {isa = PBXBuildFile; fileRef = 7402953E1B6014AB001155B8 /* Label.swift */; };
		740295411B6015BE001155B8 /* TableViewCell.swift in Sources */ = {isa = PBXBuildFile; fileRef = 740295401B6015BE001155B8 /* TableViewCell.swift */; };
		740FA4C91B459292000E88B7 /* AppDelegate.swift in Sources */ = {isa = PBXBuildFile; fileRef = 740FA4C81B459292000E88B7 /* AppDelegate.swift */; };
		740FA4CE1B459292000E88B7 /* Main.storyboard in Resources */ = {isa = PBXBuildFile; fileRef = 740FA4CC1B459292000E88B7 /* Main.storyboard */; };
		740FA4D01B459292000E88B7 /* Images.xcassets in Resources */ = {isa = PBXBuildFile; fileRef = 740FA4CF1B459292000E88B7 /* Images.xcassets */; };
		740FA4D31B459292000E88B7 /* LaunchScreen.xib in Resources */ = {isa = PBXBuildFile; fileRef = 740FA4D11B459292000E88B7 /* LaunchScreen.xib */; };
		740FA4DF1B459292000E88B7 /* SSProjTests.swift in Sources */ = {isa = PBXBuildFile; fileRef = 740FA4DE1B459292000E88B7 /* SSProjTests.swift */; };
		741E1D1B1B45A78D001C9B27 /* OauthLoginViewController.swift in Sources */ = {isa = PBXBuildFile; fileRef = 741E1D1A1B45A78D001C9B27 /* OauthLoginViewController.swift */; };
		741E1D1D1B45AA0D001C9B27 /* Instagram.swift in Sources */ = {isa = PBXBuildFile; fileRef = 741E1D1C1B45AA0D001C9B27 /* Instagram.swift */; };
		741E1D211B45B7F0001C9B27 /* User.swift in Sources */ = {isa = PBXBuildFile; fileRef = 741E1D201B45B7F0001C9B27 /* User.swift */; };
		7461ACD71B5D30EF00FDDFCA /* Info.swift in Sources */ = {isa = PBXBuildFile; fileRef = 7461ACD61B5D30EF00FDDFCA /* Info.swift */; };
		74D7F0461B5E7EA90083C41F /* TestViewController.swift in Sources */ = {isa = PBXBuildFile; fileRef = 74D7F0451B5E7EA90083C41F /* TestViewController.swift */; };
		CB21AABF5A0FF8A995627C1D /* Pods.framework in Frameworks */ = {isa = PBXBuildFile; fileRef = 0D948DF58668113D13E30771 /* Pods.framework */; settings = {ATTRIBUTES = (Weak, ); }; };
/* End PBXBuildFile section */

/* Begin PBXContainerItemProxy section */
		740FA4D91B459292000E88B7 /* PBXContainerItemProxy */ = {
			isa = PBXContainerItemProxy;
			containerPortal = 740FA4BB1B459291000E88B7 /* Project object */;
			proxyType = 1;
			remoteGlobalIDString = 740FA4C21B459292000E88B7;
			remoteInfo = SSProj;
		};
/* End PBXContainerItemProxy section */

/* Begin PBXFileReference section */
		0D948DF58668113D13E30771 /* Pods.framework */ = {isa = PBXFileReference; explicitFileType = wrapper.framework; includeInIndex = 0; path = Pods.framework; sourceTree = BUILT_PRODUCTS_DIR; };
		4D4EC54B8F8A3F6470629856 /* Pods.debug.xcconfig */ = {isa = PBXFileReference; includeInIndex = 1; lastKnownFileType = text.xcconfig; name = Pods.debug.xcconfig; path = "Pods/Target Support Files/Pods/Pods.debug.xcconfig"; sourceTree = "<group>"; };
		7401D11C1B4AC8680035C0C1 /* Post.swift */ = {isa = PBXFileReference; fileEncoding = 4; lastKnownFileType = sourcecode.swift; path = Post.swift; sourceTree = "<group>"; };
		7402953A1B5FD40C001155B8 /* PageContentViewController.swift */ = {isa = PBXFileReference; fileEncoding = 4; lastKnownFileType = sourcecode.swift; name = PageContentViewController.swift; path = "View Controllers/PageContentViewController.swift"; sourceTree = "<group>"; };
		7402953C1B5FD4C1001155B8 /* RootViewController.swift */ = {isa = PBXFileReference; fileEncoding = 4; lastKnownFileType = sourcecode.swift; name = RootViewController.swift; path = "View Controllers/RootViewController.swift"; sourceTree = "<group>"; };
		7402953E1B6014AB001155B8 /* Label.swift */ = {isa = PBXFileReference; fileEncoding = 4; lastKnownFileType = sourcecode.swift; path = Label.swift; sourceTree = "<group>"; };
		740295401B6015BE001155B8 /* TableViewCell.swift */ = {isa = PBXFileReference; fileEncoding = 4; lastKnownFileType = sourcecode.swift; name = TableViewCell.swift; path = Views/TableViewCell.swift; sourceTree = "<group>"; };
		740FA4C31B459292000E88B7 /* SSProj.app */ = {isa = PBXFileReference; explicitFileType = wrapper.application; includeInIndex = 0; path = SSProj.app; sourceTree = BUILT_PRODUCTS_DIR; };
		740FA4C71B459292000E88B7 /* Info.plist */ = {isa = PBXFileReference; lastKnownFileType = text.plist.xml; path = Info.plist; sourceTree = "<group>"; };
		740FA4C81B459292000E88B7 /* AppDelegate.swift */ = {isa = PBXFileReference; lastKnownFileType = sourcecode.swift; path = AppDelegate.swift; sourceTree = "<group>"; };
		740FA4CD1B459292000E88B7 /* Base */ = {isa = PBXFileReference; lastKnownFileType = file.storyboard; name = Base; path = Base.lproj/Main.storyboard; sourceTree = "<group>"; };
		740FA4CF1B459292000E88B7 /* Images.xcassets */ = {isa = PBXFileReference; lastKnownFileType = folder.assetcatalog; path = Images.xcassets; sourceTree = "<group>"; };
		740FA4D21B459292000E88B7 /* Base */ = {isa = PBXFileReference; lastKnownFileType = file.xib; name = Base; path = Base.lproj/LaunchScreen.xib; sourceTree = "<group>"; };
		740FA4D81B459292000E88B7 /* SSProjTests.xctest */ = {isa = PBXFileReference; explicitFileType = wrapper.cfbundle; includeInIndex = 0; path = SSProjTests.xctest; sourceTree = BUILT_PRODUCTS_DIR; };
		740FA4DD1B459292000E88B7 /* Info.plist */ = {isa = PBXFileReference; lastKnownFileType = text.plist.xml; path = Info.plist; sourceTree = "<group>"; };
		740FA4DE1B459292000E88B7 /* SSProjTests.swift */ = {isa = PBXFileReference; lastKnownFileType = sourcecode.swift; path = SSProjTests.swift; sourceTree = "<group>"; };
		741E1D1A1B45A78D001C9B27 /* OauthLoginViewController.swift */ = {isa = PBXFileReference; fileEncoding = 4; lastKnownFileType = sourcecode.swift; name = OauthLoginViewController.swift; path = "View Controllers/OauthLoginViewController.swift"; sourceTree = "<group>"; };
		741E1D1C1B45AA0D001C9B27 /* Instagram.swift */ = {isa = PBXFileReference; fileEncoding = 4; lastKnownFileType = sourcecode.swift; path = Instagram.swift; sourceTree = "<group>"; };
		741E1D201B45B7F0001C9B27 /* User.swift */ = {isa = PBXFileReference; fileEncoding = 4; lastKnownFileType = sourcecode.swift; path = User.swift; sourceTree = "<group>"; };
		7461ACD61B5D30EF00FDDFCA /* Info.swift */ = {isa = PBXFileReference; fileEncoding = 4; lastKnownFileType = sourcecode.swift; path = Info.swift; sourceTree = "<group>"; };
		74D7F0441B5D98570083C41F /* SSProj-Bridging-Header.h */ = {isa = PBXFileReference; lastKnownFileType = sourcecode.c.h; path = "SSProj-Bridging-Header.h"; sourceTree = "<group>"; };
		74D7F0451B5E7EA90083C41F /* TestViewController.swift */ = {isa = PBXFileReference; fileEncoding = 4; lastKnownFileType = sourcecode.swift; name = TestViewController.swift; path = "View Controllers/TestViewController.swift"; sourceTree = "<group>"; };
		A49590FA6B898EBC4474AF93 /* Pods.release.xcconfig */ = {isa = PBXFileReference; includeInIndex = 1; lastKnownFileType = text.xcconfig; name = Pods.release.xcconfig; path = "Pods/Target Support Files/Pods/Pods.release.xcconfig"; sourceTree = "<group>"; };
/* End PBXFileReference section */

/* Begin PBXFrameworksBuildPhase section */
		740FA4C01B459292000E88B7 /* Frameworks */ = {
			isa = PBXFrameworksBuildPhase;
			buildActionMask = 2147483647;
			files = (
				CB21AABF5A0FF8A995627C1D /* Pods.framework in Frameworks */,
			);
			runOnlyForDeploymentPostprocessing = 0;
		};
		740FA4D51B459292000E88B7 /* Frameworks */ = {
			isa = PBXFrameworksBuildPhase;
			buildActionMask = 2147483647;
			files = (
			);
			runOnlyForDeploymentPostprocessing = 0;
		};
/* End PBXFrameworksBuildPhase section */

/* Begin PBXGroup section */
		49EA5288674DE93E3365F0C0 /* Pods */ = {
			isa = PBXGroup;
			children = (
				4D4EC54B8F8A3F6470629856 /* Pods.debug.xcconfig */,
				A49590FA6B898EBC4474AF93 /* Pods.release.xcconfig */,
			);
			name = Pods;
			sourceTree = "<group>";
		};
		7401D1131B4AC8140035C0C1 /* Entities */ = {
			isa = PBXGroup;
			children = (
				741E1D201B45B7F0001C9B27 /* User.swift */,
				7401D11C1B4AC8680035C0C1 /* Post.swift */,
				7461ACD61B5D30EF00FDDFCA /* Info.swift */,
				7402953E1B6014AB001155B8 /* Label.swift */,
			);
			name = Entities;
			sourceTree = "<group>";
		};
		740FA4BA1B459291000E88B7 = {
			isa = PBXGroup;
			children = (
				740FA4C51B459292000E88B7 /* SSProj */,
				740FA4DB1B459292000E88B7 /* SSProjTests */,
				740FA4C41B459292000E88B7 /* Products */,
				49EA5288674DE93E3365F0C0 /* Pods */,
				83E2AD83691FC1DAE21B5E25 /* Frameworks */,
			);
			sourceTree = "<group>";
		};
		740FA4C41B459292000E88B7 /* Products */ = {
			isa = PBXGroup;
			children = (
				740FA4C31B459292000E88B7 /* SSProj.app */,
				740FA4D81B459292000E88B7 /* SSProjTests.xctest */,
			);
			name = Products;
			sourceTree = "<group>";
		};
		740FA4C51B459292000E88B7 /* SSProj */ = {
			isa = PBXGroup;
			children = (
				74A7321F1B580146000C5889 /* Views */,
				7401D1131B4AC8140035C0C1 /* Entities */,
				741E1D191B45A726001C9B27 /* View Controllers */,
				740FA4C81B459292000E88B7 /* AppDelegate.swift */,
				740FA4CC1B459292000E88B7 /* Main.storyboard */,
				740FA4CF1B459292000E88B7 /* Images.xcassets */,
				740FA4D11B459292000E88B7 /* LaunchScreen.xib */,
				740FA4C61B459292000E88B7 /* Supporting Files */,
				741E1D1C1B45AA0D001C9B27 /* Instagram.swift */,
				74D7F0441B5D98570083C41F /* SSProj-Bridging-Header.h */,
			);
			path = SSProj;
			sourceTree = "<group>";
		};
		740FA4C61B459292000E88B7 /* Supporting Files */ = {
			isa = PBXGroup;
			children = (
				740FA4C71B459292000E88B7 /* Info.plist */,
			);
			name = "Supporting Files";
			sourceTree = "<group>";
		};
		740FA4DB1B459292000E88B7 /* SSProjTests */ = {
			isa = PBXGroup;
			children = (
				740FA4DE1B459292000E88B7 /* SSProjTests.swift */,
				740FA4DC1B459292000E88B7 /* Supporting Files */,
			);
			path = SSProjTests;
			sourceTree = "<group>";
		};
		740FA4DC1B459292000E88B7 /* Supporting Files */ = {
			isa = PBXGroup;
			children = (
				740FA4DD1B459292000E88B7 /* Info.plist */,
			);
			name = "Supporting Files";
			sourceTree = "<group>";
		};
		741E1D191B45A726001C9B27 /* View Controllers */ = {
			isa = PBXGroup;
			children = (
				741E1D1A1B45A78D001C9B27 /* OauthLoginViewController.swift */,
				74D7F0451B5E7EA90083C41F /* TestViewController.swift */,
				7402953A1B5FD40C001155B8 /* PageContentViewController.swift */,
				7402953C1B5FD4C1001155B8 /* RootViewController.swift */,
			);
			name = "View Controllers";
			sourceTree = "<group>";
		};
		74A7321F1B580146000C5889 /* Views */ = {
			isa = PBXGroup;
			children = (
				740295401B6015BE001155B8 /* TableViewCell.swift */,
			);
			name = Views;
			sourceTree = "<group>";
		};
		83E2AD83691FC1DAE21B5E25 /* Frameworks */ = {
			isa = PBXGroup;
			children = (
				0D948DF58668113D13E30771 /* Pods.framework */,
			);
			name = Frameworks;
			sourceTree = "<group>";
		};
/* End PBXGroup section */

/* Begin PBXNativeTarget section */
		740FA4C21B459292000E88B7 /* SSProj */ = {
			isa = PBXNativeTarget;
			buildConfigurationList = 740FA4E21B459292000E88B7 /* Build configuration list for PBXNativeTarget "SSProj" */;
			buildPhases = (
				355EF3EE56E4BC4AB4134059 /* Check Pods Manifest.lock */,
				740FA4BF1B459292000E88B7 /* Sources */,
				740FA4C01B459292000E88B7 /* Frameworks */,
				740FA4C11B459292000E88B7 /* Resources */,
				0BF54B49CE114BCC2252A2B6 /* Embed Pods Frameworks */,
				7424ADDC1D12A3CDAA30B6FC /* Copy Pods Resources */,
			);
			buildRules = (
			);
			dependencies = (
			);
			name = SSProj;
			productName = SSProj;
			productReference = 740FA4C31B459292000E88B7 /* SSProj.app */;
			productType = "com.apple.product-type.application";
		};
		740FA4D71B459292000E88B7 /* SSProjTests */ = {
			isa = PBXNativeTarget;
			buildConfigurationList = 740FA4E51B459292000E88B7 /* Build configuration list for PBXNativeTarget "SSProjTests" */;
			buildPhases = (
				740FA4D41B459292000E88B7 /* Sources */,
				740FA4D51B459292000E88B7 /* Frameworks */,
				740FA4D61B459292000E88B7 /* Resources */,
			);
			buildRules = (
			);
			dependencies = (
				740FA4DA1B459292000E88B7 /* PBXTargetDependency */,
			);
			name = SSProjTests;
			productName = SSProjTests;
			productReference = 740FA4D81B459292000E88B7 /* SSProjTests.xctest */;
			productType = "com.apple.product-type.bundle.unit-test";
		};
/* End PBXNativeTarget section */

/* Begin PBXProject section */
		740FA4BB1B459291000E88B7 /* Project object */ = {
			isa = PBXProject;
			attributes = {
				LastUpgradeCheck = 0630;
				ORGANIZATIONNAME = "Cassandra Kane";
				TargetAttributes = {
					740FA4C21B459292000E88B7 = {
						CreatedOnToolsVersion = 6.3.1;
					};
					740FA4D71B459292000E88B7 = {
						CreatedOnToolsVersion = 6.3.1;
						TestTargetID = 740FA4C21B459292000E88B7;
					};
				};
			};
			buildConfigurationList = 740FA4BE1B459291000E88B7 /* Build configuration list for PBXProject "SSProj" */;
			compatibilityVersion = "Xcode 3.2";
			developmentRegion = English;
			hasScannedForEncodings = 0;
			knownRegions = (
				en,
				Base,
			);
			mainGroup = 740FA4BA1B459291000E88B7;
			productRefGroup = 740FA4C41B459292000E88B7 /* Products */;
			projectDirPath = "";
			projectRoot = "";
			targets = (
				740FA4C21B459292000E88B7 /* SSProj */,
				740FA4D71B459292000E88B7 /* SSProjTests */,
			);
		};
/* End PBXProject section */

/* Begin PBXResourcesBuildPhase section */
		740FA4C11B459292000E88B7 /* Resources */ = {
			isa = PBXResourcesBuildPhase;
			buildActionMask = 2147483647;
			files = (
				740FA4CE1B459292000E88B7 /* Main.storyboard in Resources */,
				740FA4D31B459292000E88B7 /* LaunchScreen.xib in Resources */,
				740FA4D01B459292000E88B7 /* Images.xcassets in Resources */,
			);
			runOnlyForDeploymentPostprocessing = 0;
		};
		740FA4D61B459292000E88B7 /* Resources */ = {
			isa = PBXResourcesBuildPhase;
			buildActionMask = 2147483647;
			files = (
			);
			runOnlyForDeploymentPostprocessing = 0;
		};
/* End PBXResourcesBuildPhase section */

/* Begin PBXShellScriptBuildPhase section */
		0BF54B49CE114BCC2252A2B6 /* Embed Pods Frameworks */ = {
			isa = PBXShellScriptBuildPhase;
			buildActionMask = 2147483647;
			files = (
			);
			inputPaths = (
			);
			name = "Embed Pods Frameworks";
			outputPaths = (
			);
			runOnlyForDeploymentPostprocessing = 0;
			shellPath = /bin/sh;
			shellScript = "\"${SRCROOT}/Pods/Target Support Files/Pods/Pods-frameworks.sh\"\n";
			showEnvVarsInLog = 0;
		};
		355EF3EE56E4BC4AB4134059 /* Check Pods Manifest.lock */ = {
			isa = PBXShellScriptBuildPhase;
			buildActionMask = 2147483647;
			files = (
			);
			inputPaths = (
			);
			name = "Check Pods Manifest.lock";
			outputPaths = (
			);
			runOnlyForDeploymentPostprocessing = 0;
			shellPath = /bin/sh;
			shellScript = "diff \"${PODS_ROOT}/../Podfile.lock\" \"${PODS_ROOT}/Manifest.lock\" > /dev/null\nif [[ $? != 0 ]] ; then\n    cat << EOM\nerror: The sandbox is not in sync with the Podfile.lock. Run 'pod install' or update your CocoaPods installation.\nEOM\n    exit 1\nfi\n";
			showEnvVarsInLog = 0;
		};
		7424ADDC1D12A3CDAA30B6FC /* Copy Pods Resources */ = {
			isa = PBXShellScriptBuildPhase;
			buildActionMask = 2147483647;
			files = (
			);
			inputPaths = (
			);
			name = "Copy Pods Resources";
			outputPaths = (
			);
			runOnlyForDeploymentPostprocessing = 0;
			shellPath = /bin/sh;
			shellScript = "\"${SRCROOT}/Pods/Target Support Files/Pods/Pods-resources.sh\"\n";
			showEnvVarsInLog = 0;
		};
/* End PBXShellScriptBuildPhase section */

/* Begin PBXSourcesBuildPhase section */
		740FA4BF1B459292000E88B7 /* Sources */ = {
			isa = PBXSourcesBuildPhase;
			buildActionMask = 2147483647;
			files = (
				7461ACD71B5D30EF00FDDFCA /* Info.swift in Sources */,
				741E1D1D1B45AA0D001C9B27 /* Instagram.swift in Sources */,
				7402953F1B6014AB001155B8 /* Label.swift in Sources */,
				74D7F0461B5E7EA90083C41F /* TestViewController.swift in Sources */,
				7402953D1B5FD4C1001155B8 /* RootViewController.swift in Sources */,
				7401D11D1B4AC8680035C0C1 /* Post.swift in Sources */,
				741E1D211B45B7F0001C9B27 /* User.swift in Sources */,
				7402953B1B5FD40C001155B8 /* PageContentViewController.swift in Sources */,
				740295411B6015BE001155B8 /* TableViewCell.swift in Sources */,
				741E1D1B1B45A78D001C9B27 /* OauthLoginViewController.swift in Sources */,
				740FA4C91B459292000E88B7 /* AppDelegate.swift in Sources */,
			);
			runOnlyForDeploymentPostprocessing = 0;
		};
		740FA4D41B459292000E88B7 /* Sources */ = {
			isa = PBXSourcesBuildPhase;
			buildActionMask = 2147483647;
			files = (
				740FA4DF1B459292000E88B7 /* SSProjTests.swift in Sources */,
			);
			runOnlyForDeploymentPostprocessing = 0;
		};
/* End PBXSourcesBuildPhase section */

/* Begin PBXTargetDependency section */
		740FA4DA1B459292000E88B7 /* PBXTargetDependency */ = {
			isa = PBXTargetDependency;
			target = 740FA4C21B459292000E88B7 /* SSProj */;
			targetProxy = 740FA4D91B459292000E88B7 /* PBXContainerItemProxy */;
		};
/* End PBXTargetDependency section */

/* Begin PBXVariantGroup section */
		740FA4CC1B459292000E88B7 /* Main.storyboard */ = {
			isa = PBXVariantGroup;
			children = (
				740FA4CD1B459292000E88B7 /* Base */,
			);
			name = Main.storyboard;
			sourceTree = "<group>";
		};
		740FA4D11B459292000E88B7 /* LaunchScreen.xib */ = {
			isa = PBXVariantGroup;
			children = (
				740FA4D21B459292000E88B7 /* Base */,
			);
			name = LaunchScreen.xib;
			sourceTree = "<group>";
		};
/* End PBXVariantGroup section */

/* Begin XCBuildConfiguration section */
		740FA4E01B459292000E88B7 /* Debug */ = {
			isa = XCBuildConfiguration;
			buildSettings = {
				ALWAYS_SEARCH_USER_PATHS = NO;
				CLANG_CXX_LANGUAGE_STANDARD = "gnu++0x";
				CLANG_CXX_LIBRARY = "libc++";
				CLANG_ENABLE_MODULES = YES;
				CLANG_ENABLE_OBJC_ARC = YES;
				CLANG_WARN_BOOL_CONVERSION = YES;
				CLANG_WARN_CONSTANT_CONVERSION = YES;
				CLANG_WARN_DIRECT_OBJC_ISA_USAGE = YES_ERROR;
				CLANG_WARN_EMPTY_BODY = YES;
				CLANG_WARN_ENUM_CONVERSION = YES;
				CLANG_WARN_INT_CONVERSION = YES;
				CLANG_WARN_OBJC_ROOT_CLASS = YES_ERROR;
				CLANG_WARN_UNREACHABLE_CODE = YES;
				CLANG_WARN__DUPLICATE_METHOD_MATCH = YES;
				"CODE_SIGN_IDENTITY[sdk=iphoneos*]" = "iPhone Developer";
				COPY_PHASE_STRIP = NO;
				DEBUG_INFORMATION_FORMAT = "dwarf-with-dsym";
				ENABLE_STRICT_OBJC_MSGSEND = YES;
				GCC_C_LANGUAGE_STANDARD = gnu99;
				GCC_DYNAMIC_NO_PIC = NO;
				GCC_NO_COMMON_BLOCKS = YES;
				GCC_OPTIMIZATION_LEVEL = 0;
				GCC_PREPROCESSOR_DEFINITIONS = (
					"DEBUG=1",
					"$(inherited)",
				);
				GCC_SYMBOLS_PRIVATE_EXTERN = NO;
				GCC_WARN_64_TO_32_BIT_CONVERSION = YES;
				GCC_WARN_ABOUT_RETURN_TYPE = YES_ERROR;
				GCC_WARN_UNDECLARED_SELECTOR = YES;
				GCC_WARN_UNINITIALIZED_AUTOS = YES_AGGRESSIVE;
				GCC_WARN_UNUSED_FUNCTION = YES;
				GCC_WARN_UNUSED_VARIABLE = YES;
				IPHONEOS_DEPLOYMENT_TARGET = 8.3;
				MTL_ENABLE_DEBUG_INFO = YES;
				ONLY_ACTIVE_ARCH = YES;
				SDKROOT = iphoneos;
				SWIFT_OPTIMIZATION_LEVEL = "-Onone";
				TARGETED_DEVICE_FAMILY = "1,2";
			};
			name = Debug;
		};
		740FA4E11B459292000E88B7 /* Release */ = {
			isa = XCBuildConfiguration;
			buildSettings = {
				ALWAYS_SEARCH_USER_PATHS = NO;
				CLANG_CXX_LANGUAGE_STANDARD = "gnu++0x";
				CLANG_CXX_LIBRARY = "libc++";
				CLANG_ENABLE_MODULES = YES;
				CLANG_ENABLE_OBJC_ARC = YES;
				CLANG_WARN_BOOL_CONVERSION = YES;
				CLANG_WARN_CONSTANT_CONVERSION = YES;
				CLANG_WARN_DIRECT_OBJC_ISA_USAGE = YES_ERROR;
				CLANG_WARN_EMPTY_BODY = YES;
				CLANG_WARN_ENUM_CONVERSION = YES;
				CLANG_WARN_INT_CONVERSION = YES;
				CLANG_WARN_OBJC_ROOT_CLASS = YES_ERROR;
				CLANG_WARN_UNREACHABLE_CODE = YES;
				CLANG_WARN__DUPLICATE_METHOD_MATCH = YES;
				"CODE_SIGN_IDENTITY[sdk=iphoneos*]" = "iPhone Developer";
				COPY_PHASE_STRIP = NO;
				DEBUG_INFORMATION_FORMAT = "dwarf-with-dsym";
				ENABLE_NS_ASSERTIONS = NO;
				ENABLE_STRICT_OBJC_MSGSEND = YES;
				GCC_C_LANGUAGE_STANDARD = gnu99;
				GCC_NO_COMMON_BLOCKS = YES;
				GCC_WARN_64_TO_32_BIT_CONVERSION = YES;
				GCC_WARN_ABOUT_RETURN_TYPE = YES_ERROR;
				GCC_WARN_UNDECLARED_SELECTOR = YES;
				GCC_WARN_UNINITIALIZED_AUTOS = YES_AGGRESSIVE;
				GCC_WARN_UNUSED_FUNCTION = YES;
				GCC_WARN_UNUSED_VARIABLE = YES;
				IPHONEOS_DEPLOYMENT_TARGET = 8.3;
				MTL_ENABLE_DEBUG_INFO = NO;
				SDKROOT = iphoneos;
				TARGETED_DEVICE_FAMILY = "1,2";
				VALIDATE_PRODUCT = YES;
			};
			name = Release;
		};
		740FA4E31B459292000E88B7 /* Debug */ = {
			isa = XCBuildConfiguration;
			baseConfigurationReference = 4D4EC54B8F8A3F6470629856 /* Pods.debug.xcconfig */;
			buildSettings = {
				ASSETCATALOG_COMPILER_APPICON_NAME = AppIcon;
				FRAMEWORK_SEARCH_PATHS = "$(inherited)";
				INFOPLIST_FILE = SSProj/Info.plist;
				LD_RUNPATH_SEARCH_PATHS = "$(inherited) @executable_path/Frameworks";
				PRODUCT_NAME = "$(TARGET_NAME)";
				SWIFT_OBJC_BRIDGING_HEADER = "SSProj/SSProj-Bridging-Header.h";
			};
			name = Debug;
		};
		740FA4E41B459292000E88B7 /* Release */ = {
			isa = XCBuildConfiguration;
			baseConfigurationReference = A49590FA6B898EBC4474AF93 /* Pods.release.xcconfig */;
			buildSettings = {
				ASSETCATALOG_COMPILER_APPICON_NAME = AppIcon;
				FRAMEWORK_SEARCH_PATHS = "$(inherited)";
				INFOPLIST_FILE = SSProj/Info.plist;
				LD_RUNPATH_SEARCH_PATHS = "$(inherited) @executable_path/Frameworks";
				PRODUCT_NAME = "$(TARGET_NAME)";
				SWIFT_OBJC_BRIDGING_HEADER = "SSProj/SSProj-Bridging-Header.h";
			};
			name = Release;
		};
		740FA4E61B459292000E88B7 /* Debug */ = {
			isa = XCBuildConfiguration;
			buildSettings = {
				BUNDLE_LOADER = "$(TEST_HOST)";
				FRAMEWORK_SEARCH_PATHS = (
					"$(SDKROOT)/Developer/Library/Frameworks",
					"$(inherited)",
				);
				GCC_PREPROCESSOR_DEFINITIONS = (
					"DEBUG=1",
					"$(inherited)",
				);
				INFOPLIST_FILE = SSProjTests/Info.plist;
				LD_RUNPATH_SEARCH_PATHS = "$(inherited) @executable_path/Frameworks @loader_path/Frameworks";
				PRODUCT_NAME = "$(TARGET_NAME)";
				TEST_HOST = "$(BUILT_PRODUCTS_DIR)/SSProj.app/SSProj";
			};
			name = Debug;
		};
		740FA4E71B459292000E88B7 /* Release */ = {
			isa = XCBuildConfiguration;
			buildSettings = {
				BUNDLE_LOADER = "$(TEST_HOST)";
				FRAMEWORK_SEARCH_PATHS = (
					"$(SDKROOT)/Developer/Library/Frameworks",
					"$(inherited)",
				);
				INFOPLIST_FILE = SSProjTests/Info.plist;
				LD_RUNPATH_SEARCH_PATHS = "$(inherited) @executable_path/Frameworks @loader_path/Frameworks";
				PRODUCT_NAME = "$(TARGET_NAME)";
				TEST_HOST = "$(BUILT_PRODUCTS_DIR)/SSProj.app/SSProj";
			};
			name = Release;
		};
/* End XCBuildConfiguration section */

/* Begin XCConfigurationList section */
		740FA4BE1B459291000E88B7 /* Build configuration list for PBXProject "SSProj" */ = {
			isa = XCConfigurationList;
			buildConfigurations = (
				740FA4E01B459292000E88B7 /* Debug */,
				740FA4E11B459292000E88B7 /* Release */,
			);
			defaultConfigurationIsVisible = 0;
			defaultConfigurationName = Release;
		};
		740FA4E21B459292000E88B7 /* Build configuration list for PBXNativeTarget "SSProj" */ = {
			isa = XCConfigurationList;
			buildConfigurations = (
				740FA4E31B459292000E88B7 /* Debug */,
				740FA4E41B459292000E88B7 /* Release */,
			);
			defaultConfigurationIsVisible = 0;
			defaultConfigurationName = Release;
		};
		740FA4E51B459292000E88B7 /* Build configuration list for PBXNativeTarget "SSProjTests" */ = {
			isa = XCConfigurationList;
			buildConfigurations = (
				740FA4E61B459292000E88B7 /* Debug */,
				740FA4E71B459292000E88B7 /* Release */,
			);
			defaultConfigurationIsVisible = 0;
			defaultConfigurationName = Release;
		};
/* End XCConfigurationList section */
	};
	rootObject = 740FA4BB1B459291000E88B7 /* Project object */;
}
